
Microsoft Visual Studio Solution File, Format Version 12.00
# Visual Studio Version 16
VisualStudioVersion = 16.0.30225.117
MinimumVisualStudioVersion = 10.0.40219.1
Project("{FAE04EC0-301F-11D3-BF4B-00C04F79EFBC}") = "LatinNounApplication", "LatinNounApplication.csproj", "{DBA283EE-151F-4F68-98ED-7E9368E9573C}"
EndProject
Global
	GlobalSection(SolutionConfigurationPlatforms) = preSolution
		Debug|Any CPU = Debug|Any CPU
		Release|Any CPU = Release|Any CPU
	EndGlobalSection
	GlobalSection(ProjectConfigurationPlatforms) = postSolution
		{DBA283EE-151F-4F68-98ED-7E9368E9573C}.Debug|Any CPU.ActiveCfg = Debug|Any CPU
		{DBA283EE-151F-4F68-98ED-7E9368E9573C}.Debug|Any CPU.Build.0 = Debug|Any CPU
		{DBA283EE-151F-4F68-98ED-7E9368E9573C}.Release|Any CPU.ActiveCfg = Release|Any CPU
		{DBA283EE-151F-4F68-98ED-7E9368E9573C}.Release|Any CPU.Build.0 = Release|Any CPU
	EndGlobalSection
	GlobalSection(SolutionProperties) = preSolution
		HideSolutionNode = FALSE
	EndGlobalSection
	GlobalSection(ExtensibilityGlobals) = postSolution
		SolutionGuid = {640268E2-A1CD-4B3C-A163-BDC306A685C0}
	EndGlobalSection
EndGlobal
